
Microsoft Visual Studio Solution File, Format Version 12.00
# Visual Studio Version 17
VisualStudioVersion = 17.11.35222.181
MinimumVisualStudioVersion = 10.0.40219.1
Project("{9A19103F-16F7-4668-BE54-9A1E7A4F7556}") = "Draft", "Draft\Draft.csproj", "{26ED0641-284A-4E3D-B784-40F6919BAC01}"
EndProject
Project("{E53339B2-1760-4266-BCC7-CA923CBCF16C}") = "docker-compose", "docker-compose.dcproj", "{725B3F7D-668D-4243-B64C-1E2973F6CA0D}"
EndProject
Global
	GlobalSection(SolutionConfigurationPlatforms) = preSolution
		Debug|Any CPU = Debug|Any CPU
		Debug|x64 = Debug|x64
		Release|Any CPU = Release|Any CPU
		Release|x64 = Release|x64
	EndGlobalSection
	GlobalSection(ProjectConfigurationPlatforms) = postSolution
		{26ED0641-284A-4E3D-B784-40F6919BAC01}.Debug|Any CPU.ActiveCfg = Debug|Any CPU
		{26ED0641-284A-4E3D-B784-40F6919BAC01}.Debug|Any CPU.Build.0 = Debug|Any CPU
		{26ED0641-284A-4E3D-B784-40F6919BAC01}.Debug|x64.ActiveCfg = Debug|Any CPU
		{26ED0641-284A-4E3D-B784-40F6919BAC01}.Debug|x64.Build.0 = Debug|Any CPU
		{26ED0641-284A-4E3D-B784-40F6919BAC01}.Release|Any CPU.ActiveCfg = Release|Any CPU
		{26ED0641-284A-4E3D-B784-40F6919BAC01}.Release|Any CPU.Build.0 = Release|Any CPU
		{26ED0641-284A-4E3D-B784-40F6919BAC01}.Release|x64.ActiveCfg = Release|Any CPU
		{26ED0641-284A-4E3D-B784-40F6919BAC01}.Release|x64.Build.0 = Release|Any CPU
		{725B3F7D-668D-4243-B64C-1E2973F6CA0D}.Debug|Any CPU.ActiveCfg = Debug|Any CPU
		{725B3F7D-668D-4243-B64C-1E2973F6CA0D}.Debug|Any CPU.Build.0 = Debug|Any CPU
		{725B3F7D-668D-4243-B64C-1E2973F6CA0D}.Debug|x64.ActiveCfg = Debug|Any CPU
		{725B3F7D-668D-4243-B64C-1E2973F6CA0D}.Debug|x64.Build.0 = Debug|Any CPU
		{725B3F7D-668D-4243-B64C-1E2973F6CA0D}.Release|Any CPU.ActiveCfg = Release|Any CPU
		{725B3F7D-668D-4243-B64C-1E2973F6CA0D}.Release|Any CPU.Build.0 = Release|Any CPU
		{725B3F7D-668D-4243-B64C-1E2973F6CA0D}.Release|x64.ActiveCfg = Release|Any CPU
		{725B3F7D-668D-4243-B64C-1E2973F6CA0D}.Release|x64.Build.0 = Release|Any CPU
	EndGlobalSection
	GlobalSection(SolutionProperties) = preSolution
		HideSolutionNode = FALSE
	EndGlobalSection
	GlobalSection(ExtensibilityGlobals) = postSolution
		SolutionGuid = {BD69659E-10B7-43F7-B974-2FF93C9B9D21}
	EndGlobalSection
EndGlobal
